{
  "requires": true,
  "lockfileVersion": 1,
  "dependencies": {
    "skmeans": {
      "version": "0.11.3",
      "resolved": "https://registry.npmjs.org/skmeans/-/skmeans-0.11.3.tgz",
      "integrity": "sha512-nccEnlSeOMNAYM9ETMSq+m15u8g0KRCIvH2an/ROTx4Igmci/j3oYHBPGdAeGjhR7knAVoIIQwr/wy2dN/eKQA=="
    }
  }
}
